
Microsoft Visual Studio Solution File, Format Version 12.00
# Visual Studio Version 17
VisualStudioVersion = 17.0.31903.59
MinimumVisualStudioVersion = 10.0.40219.1
Project("{2150E333-8FDC-42A3-9474-1A3956D46DE8}") = "src", "src", "{827E0CD3-B72D-47B6-A68D-7590B98EB39B}"
EndProject
Project("{FAE04EC0-301F-11D3-BF4B-00C04F79EFBC}") = "FuelGuard.Shared", "src\FuelGuard.Shared\FuelGuard.Shared.csproj", "{DD7E45C7-CA88-4FDA-ACAC-5FC110756788}"
EndProject
Project("{FAE04EC0-301F-11D3-BF4B-00C04F79EFBC}") = "FuelGuard.Domain", "src\FuelGuard.Domain\FuelGuard.Domain.csproj", "{3BF5DAE5-4E57-4B0A-98A7-89DF1A0778C4}"
EndProject
Project("{FAE04EC0-301F-11D3-BF4B-00C04F79EFBC}") = "FuelGuard.Application", "src\FuelGuard.Application\FuelGuard.Application.csproj", "{A3D038C2-D938-40F5-AFDC-C8CAA3FE2857}"
EndProject
Project("{FAE04EC0-301F-11D3-BF4B-00C04F79EFBC}") = "FuelGuard.Infrastructure", "src\FuelGuard.Infrastructure\FuelGuard.Infrastructure.csproj", "{ECD45F56-1A62-439D-85DB-8FF641373A80}"
EndProject
Project("{FAE04EC0-301F-11D3-BF4B-00C04F79EFBC}") = "FuelGuard.Agents", "src\FuelGuard.Agents\FuelGuard.Agents.csproj", "{EFD9D125-38FB-4FE5-9706-3BF8F93D0301}"
EndProject
Project("{FAE04EC0-301F-11D3-BF4B-00C04F79EFBC}") = "FuelGuard.Api", "src\FuelGuard.Api\FuelGuard.Api.csproj", "{A690FEB6-34E8-49AF-AF4C-427C7FDECBCD}"
EndProject
Project("{2150E333-8FDC-42A3-9474-1A3956D46DE8}") = "tests", "tests", "{0AB3BF05-4346-4AA6-1389-037BE0695223}"
EndProject
Project("{FAE04EC0-301F-11D3-BF4B-00C04F79EFBC}") = "FuelGuard.Domain.UnitTests", "tests\FuelGuard.Domain.UnitTests\FuelGuard.Domain.UnitTests.csproj", "{7DFD724E-BABE-4509-B3F9-ED84482F4A44}"
EndProject
Project("{FAE04EC0-301F-11D3-BF4B-00C04F79EFBC}") = "FuelGuard.Application.UnitTests", "tests\FuelGuard.Application.UnitTests\FuelGuard.Application.UnitTests.csproj", "{37479E9B-8332-4AE3-A73C-627D858F12D4}"
EndProject
Project("{FAE04EC0-301F-11D3-BF4B-00C04F79EFBC}") = "FuelGuard.Infrastructure.UnitTests", "tests\FuelGuard.Infrastructure.UnitTests\FuelGuard.Infrastructure.UnitTests.csproj", "{B8B2B3F1-2DEA-4D9E-AA8A-AACE15F8BE37}"
EndProject
Global
	GlobalSection(SolutionConfigurationPlatforms) = preSolution
		Debug|Any CPU = Debug|Any CPU
		Debug|x64 = Debug|x64
		Debug|x86 = Debug|x86
		Release|Any CPU = Release|Any CPU
		Release|x64 = Release|x64
		Release|x86 = Release|x86
	EndGlobalSection
	GlobalSection(ProjectConfigurationPlatforms) = postSolution
		{DD7E45C7-CA88-4FDA-ACAC-5FC110756788}.Debug|Any CPU.ActiveCfg = Debug|Any CPU
		{DD7E45C7-CA88-4FDA-ACAC-5FC110756788}.Debug|Any CPU.Build.0 = Debug|Any CPU
		{DD7E45C7-CA88-4FDA-ACAC-5FC110756788}.Debug|x64.ActiveCfg = Debug|Any CPU
		{DD7E45C7-CA88-4FDA-ACAC-5FC110756788}.Debug|x64.Build.0 = Debug|Any CPU
		{DD7E45C7-CA88-4FDA-ACAC-5FC110756788}.Debug|x86.ActiveCfg = Debug|Any CPU
		{DD7E45C7-CA88-4FDA-ACAC-5FC110756788}.Debug|x86.Build.0 = Debug|Any CPU
		{DD7E45C7-CA88-4FDA-ACAC-5FC110756788}.Release|Any CPU.ActiveCfg = Release|Any CPU
		{DD7E45C7-CA88-4FDA-ACAC-5FC110756788}.Release|Any CPU.Build.0 = Release|Any CPU
		{DD7E45C7-CA88-4FDA-ACAC-5FC110756788}.Release|x64.ActiveCfg = Release|Any CPU
		{DD7E45C7-CA88-4FDA-ACAC-5FC110756788}.Release|x64.Build.0 = Release|Any CPU
		{DD7E45C7-CA88-4FDA-ACAC-5FC110756788}.Release|x86.ActiveCfg = Release|Any CPU
		{DD7E45C7-CA88-4FDA-ACAC-5FC110756788}.Release|x86.Build.0 = Release|Any CPU
		{3BF5DAE5-4E57-4B0A-98A7-89DF1A0778C4}.Debug|Any CPU.ActiveCfg = Debug|Any CPU
		{3BF5DAE5-4E57-4B0A-98A7-89DF1A0778C4}.Debug|Any CPU.Build.0 = Debug|Any CPU
		{3BF5DAE5-4E57-4B0A-98A7-89DF1A0778C4}.Debug|x64.ActiveCfg = Debug|Any CPU
		{3BF5DAE5-4E57-4B0A-98A7-89DF1A0778C4}.Debug|x64.Build.0 = Debug|Any CPU
		{3BF5DAE5-4E57-4B0A-98A7-89DF1A0778C4}.Debug|x86.ActiveCfg = Debug|Any CPU
		{3BF5DAE5-4E57-4B0A-98A7-89DF1A0778C4}.Debug|x86.Build.0 = Debug|Any CPU
		{3BF5DAE5-4E57-4B0A-98A7-89DF1A0778C4}.Release|Any CPU.ActiveCfg = Release|Any CPU
		{3BF5DAE5-4E57-4B0A-98A7-89DF1A0778C4}.Release|Any CPU.Build.0 = Release|Any CPU
		{3BF5DAE5-4E57-4B0A-98A7-89DF1A0778C4}.Release|x64.ActiveCfg = Release|Any CPU
		{3BF5DAE5-4E57-4B0A-98A7-89DF1A0778C4}.Release|x64.Build.0 = Release|Any CPU
		{3BF5DAE5-4E57-4B0A-98A7-89DF1A0778C4}.Release|x86.ActiveCfg = Release|Any CPU
		{3BF5DAE5-4E57-4B0A-98A7-89DF1A0778C4}.Release|x86.Build.0 = Release|Any CPU
		{A3D038C2-D938-40F5-AFDC-C8CAA3FE2857}.Debug|Any CPU.ActiveCfg = Debug|Any CPU
		{A3D038C2-D938-40F5-AFDC-C8CAA3FE2857}.Debug|Any CPU.Build.0 = Debug|Any CPU
		{A3D038C2-D938-40F5-AFDC-C8CAA3FE2857}.Debug|x64.ActiveCfg = Debug|Any CPU
		{A3D038C2-D938-40F5-AFDC-C8CAA3FE2857}.Debug|x64.Build.0 = Debug|Any CPU
		{A3D038C2-D938-40F5-AFDC-C8CAA3FE2857}.Debug|x86.ActiveCfg = Debug|Any CPU
		{A3D038C2-D938-40F5-AFDC-C8CAA3FE2857}.Debug|x86.Build.0 = Debug|Any CPU
		{A3D038C2-D938-40F5-AFDC-C8CAA3FE2857}.Release|Any CPU.ActiveCfg = Release|Any CPU
		{A3D038C2-D938-40F5-AFDC-C8CAA3FE2857}.Release|Any CPU.Build.0 = Release|Any CPU
		{A3D038C2-D938-40F5-AFDC-C8CAA3FE2857}.Release|x64.ActiveCfg = Release|Any CPU
		{A3D038C2-D938-40F5-AFDC-C8CAA3FE2857}.Release|x64.Build.0 = Release|Any CPU
		{A3D038C2-D938-40F5-AFDC-C8CAA3FE2857}.Release|x86.ActiveCfg = Release|Any CPU
		{A3D038C2-D938-40F5-AFDC-C8CAA3FE2857}.Release|x86.Build.0 = Release|Any CPU
		{ECD45F56-1A62-439D-85DB-8FF641373A80}.Debug|Any CPU.ActiveCfg = Debug|Any CPU
		{ECD45F56-1A62-439D-85DB-8FF641373A80}.Debug|Any CPU.Build.0 = Debug|Any CPU
		{ECD45F56-1A62-439D-85DB-8FF641373A80}.Debug|x64.ActiveCfg = Debug|Any CPU
		{ECD45F56-1A62-439D-85DB-8FF641373A80}.Debug|x64.Build.0 = Debug|Any CPU
		{ECD45F56-1A62-439D-85DB-8FF641373A80}.Debug|x86.ActiveCfg = Debug|Any CPU
		{ECD45F56-1A62-439D-85DB-8FF641373A80}.Debug|x86.Build.0 = Debug|Any CPU
		{ECD45F56-1A62-439D-85DB-8FF641373A80}.Release|Any CPU.ActiveCfg = Release|Any CPU
		{ECD45F56-1A62-439D-85DB-8FF641373A80}.Release|Any CPU.Build.0 = Release|Any CPU
		{ECD45F56-1A62-439D-85DB-8FF641373A80}.Release|x64.ActiveCfg = Release|Any CPU
		{ECD45F56-1A62-439D-85DB-8FF641373A80}.Release|x64.Build.0 = Release|Any CPU
		{ECD45F56-1A62-439D-85DB-8FF641373A80}.Release|x86.ActiveCfg = Release|Any CPU
		{ECD45F56-1A62-439D-85DB-8FF641373A80}.Release|x86.Build.0 = Release|Any CPU
		{EFD9D125-38FB-4FE5-9706-3BF8F93D0301}.Debug|Any CPU.ActiveCfg = Debug|Any CPU
		{EFD9D125-38FB-4FE5-9706-3BF8F93D0301}.Debug|Any CPU.Build.0 = Debug|Any CPU
		{EFD9D125-38FB-4FE5-9706-3BF8F93D0301}.Debug|x64.ActiveCfg = Debug|Any CPU
		{EFD9D125-38FB-4FE5-9706-3BF8F93D0301}.Debug|x64.Build.0 = Debug|Any CPU
		{EFD9D125-38FB-4FE5-9706-3BF8F93D0301}.Debug|x86.ActiveCfg = Debug|Any CPU
		{EFD9D125-38FB-4FE5-9706-3BF8F93D0301}.Debug|x86.Build.0 = Debug|Any CPU
		{EFD9D125-38FB-4FE5-9706-3BF8F93D0301}.Release|Any CPU.ActiveCfg = Release|Any CPU
		{EFD9D125-38FB-4FE5-9706-3BF8F93D0301}.Release|Any CPU.Build.0 = Release|Any CPU
		{EFD9D125-38FB-4FE5-9706-3BF8F93D0301}.Release|x64.ActiveCfg = Release|Any CPU
		{EFD9D125-38FB-4FE5-9706-3BF8F93D0301}.Release|x64.Build.0 = Release|Any CPU
		{EFD9D125-38FB-4FE5-9706-3BF8F93D0301}.Release|x86.ActiveCfg = Release|Any CPU
		{EFD9D125-38FB-4FE5-9706-3BF8F93D0301}.Release|x86.Build.0 = Release|Any CPU
		{A690FEB6-34E8-49AF-AF4C-427C7FDECBCD}.Debug|Any CPU.ActiveCfg = Debug|Any CPU
		{A690FEB6-34E8-49AF-AF4C-427C7FDECBCD}.Debug|Any CPU.Build.0 = Debug|Any CPU
		{A690FEB6-34E8-49AF-AF4C-427C7FDECBCD}.Debug|x64.ActiveCfg = Debug|Any CPU
		{A690FEB6-34E8-49AF-AF4C-427C7FDECBCD}.Debug|x64.Build.0 = Debug|Any CPU
		{A690FEB6-34E8-49AF-AF4C-427C7FDECBCD}.Debug|x86.ActiveCfg = Debug|Any CPU
		{A690FEB6-34E8-49AF-AF4C-427C7FDECBCD}.Debug|x86.Build.0 = Debug|Any CPU
		{A690FEB6-34E8-49AF-AF4C-427C7FDECBCD}.Release|Any CPU.ActiveCfg = Release|Any CPU
		{A690FEB6-34E8-49AF-AF4C-427C7FDECBCD}.Release|Any CPU.Build.0 = Release|Any CPU
		{A690FEB6-34E8-49AF-AF4C-427C7FDECBCD}.Release|x64.ActiveCfg = Release|Any CPU
		{A690FEB6-34E8-49AF-AF4C-427C7FDECBCD}.Release|x64.Build.0 = Release|Any CPU
		{A690FEB6-34E8-49AF-AF4C-427C7FDECBCD}.Release|x86.ActiveCfg = Release|Any CPU
		{A690FEB6-34E8-49AF-AF4C-427C7FDECBCD}.Release|x86.Build.0 = Release|Any CPU
		{7DFD724E-BABE-4509-B3F9-ED84482F4A44}.Debug|Any CPU.ActiveCfg = Debug|Any CPU
		{7DFD724E-BABE-4509-B3F9-ED84482F4A44}.Debug|Any CPU.Build.0 = Debug|Any CPU
		{7DFD724E-BABE-4509-B3F9-ED84482F4A44}.Debug|x64.ActiveCfg = Debug|Any CPU
		{7DFD724E-BABE-4509-B3F9-ED84482F4A44}.Debug|x64.Build.0 = Debug|Any CPU
		{7DFD724E-BABE-4509-B3F9-ED84482F4A44}.Debug|x86.ActiveCfg = Debug|Any CPU
		{7DFD724E-BABE-4509-B3F9-ED84482F4A44}.Debug|x86.Build.0 = Debug|Any CPU
		{7DFD724E-BABE-4509-B3F9-ED84482F4A44}.Release|Any CPU.ActiveCfg = Release|Any CPU
		{7DFD724E-BABE-4509-B3F9-ED84482F4A44}.Release|Any CPU.Build.0 = Release|Any CPU
		{7DFD724E-BABE-4509-B3F9-ED84482F4A44}.Release|x64.ActiveCfg = Release|Any CPU
		{7DFD724E-BABE-4509-B3F9-ED84482F4A44}.Release|x64.Build.0 = Release|Any CPU
		{7DFD724E-BABE-4509-B3F9-ED84482F4A44}.Release|x86.ActiveCfg = Release|Any CPU
		{7DFD724E-BABE-4509-B3F9-ED84482F4A44}.Release|x86.Build.0 = Release|Any CPU
		{37479E9B-8332-4AE3-A73C-627D858F12D4}.Debug|Any CPU.ActiveCfg = Debug|Any CPU
		{37479E9B-8332-4AE3-A73C-627D858F12D4}.Debug|Any CPU.Build.0 = Debug|Any CPU
		{37479E9B-8332-4AE3-A73C-627D858F12D4}.Debug|x64.ActiveCfg = Debug|Any CPU
		{37479E9B-8332-4AE3-A73C-627D858F12D4}.Debug|x64.Build.0 = Debug|Any CPU
		{37479E9B-8332-4AE3-A73C-627D858F12D4}.Debug|x86.ActiveCfg = Debug|Any CPU
		{37479E9B-8332-4AE3-A73C-627D858F12D4}.Debug|x86.Build.0 = Debug|Any CPU
		{37479E9B-8332-4AE3-A73C-627D858F12D4}.Release|Any CPU.ActiveCfg = Release|Any CPU
		{37479E9B-8332-4AE3-A73C-627D858F12D4}.Release|Any CPU.Build.0 = Release|Any CPU
		{37479E9B-8332-4AE3-A73C-627D858F12D4}.Release|x64.ActiveCfg = Release|Any CPU
		{37479E9B-8332-4AE3-A73C-627D858F12D4}.Release|x64.Build.0 = Release|Any CPU
		{37479E9B-8332-4AE3-A73C-627D858F12D4}.Release|x86.ActiveCfg = Release|Any CPU
		{37479E9B-8332-4AE3-A73C-627D858F12D4}.Release|x86.Build.0 = Release|Any CPU
		{B8B2B3F1-2DEA-4D9E-AA8A-AACE15F8BE37}.Debug|Any CPU.ActiveCfg = Debug|Any CPU
		{B8B2B3F1-2DEA-4D9E-AA8A-AACE15F8BE37}.Debug|Any CPU.Build.0 = Debug|Any CPU
		{B8B2B3F1-2DEA-4D9E-AA8A-AACE15F8BE37}.Debug|x64.ActiveCfg = Debug|Any CPU
		{B8B2B3F1-2DEA-4D9E-AA8A-AACE15F8BE37}.Debug|x64.Build.0 = Debug|Any CPU
		{B8B2B3F1-2DEA-4D9E-AA8A-AACE15F8BE37}.Debug|x86.ActiveCfg = Debug|Any CPU
		{B8B2B3F1-2DEA-4D9E-AA8A-AACE15F8BE37}.Debug|x86.Build.0 = Debug|Any CPU
		{B8B2B3F1-2DEA-4D9E-AA8A-AACE15F8BE37}.Release|Any CPU.ActiveCfg = Release|Any CPU
		{B8B2B3F1-2DEA-4D9E-AA8A-AACE15F8BE37}.Release|Any CPU.Build.0 = Release|Any CPU
		{B8B2B3F1-2DEA-4D9E-AA8A-AACE15F8BE37}.Release|x64.ActiveCfg = Release|Any CPU
		{B8B2B3F1-2DEA-4D9E-AA8A-AACE15F8BE37}.Release|x64.Build.0 = Release|Any CPU
		{B8B2B3F1-2DEA-4D9E-AA8A-AACE15F8BE37}.Release|x86.ActiveCfg = Release|Any CPU
		{B8B2B3F1-2DEA-4D9E-AA8A-AACE15F8BE37}.Release|x86.Build.0 = Release|Any CPU
	EndGlobalSection
	GlobalSection(SolutionProperties) = preSolution
		HideSolutionNode = FALSE
	EndGlobalSection
	GlobalSection(NestedProjects) = preSolution
		{DD7E45C7-CA88-4FDA-ACAC-5FC110756788} = {827E0CD3-B72D-47B6-A68D-7590B98EB39B}
		{3BF5DAE5-4E57-4B0A-98A7-89DF1A0778C4} = {827E0CD3-B72D-47B6-A68D-7590B98EB39B}
		{A3D038C2-D938-40F5-AFDC-C8CAA3FE2857} = {827E0CD3-B72D-47B6-A68D-7590B98EB39B}
		{ECD45F56-1A62-439D-85DB-8FF641373A80} = {827E0CD3-B72D-47B6-A68D-7590B98EB39B}
		{EFD9D125-38FB-4FE5-9706-3BF8F93D0301} = {827E0CD3-B72D-47B6-A68D-7590B98EB39B}
		{A690FEB6-34E8-49AF-AF4C-427C7FDECBCD} = {827E0CD3-B72D-47B6-A68D-7590B98EB39B}
		{7DFD724E-BABE-4509-B3F9-ED84482F4A44} = {0AB3BF05-4346-4AA6-1389-037BE0695223}
		{37479E9B-8332-4AE3-A73C-627D858F12D4} = {0AB3BF05-4346-4AA6-1389-037BE0695223}
		{B8B2B3F1-2DEA-4D9E-AA8A-AACE15F8BE37} = {0AB3BF05-4346-4AA6-1389-037BE0695223}
	EndGlobalSection
EndGlobal
